
Microsoft Visual Studio Solution File, Format Version 12.00
# Visual Studio Version 16
VisualStudioVersion = 16.0.30804.86
MinimumVisualStudioVersion = 10.0.40219.1
Project("{FAE04EC0-301F-11D3-BF4B-00C04F79EFBC}") = "PhysXTool", "PhysXTool\PhysXTool.csproj", "{0BC92CFA-EBEE-4E9B-B257-222FD57BB09E}"
EndProject
Project("{9A19103F-16F7-4668-BE54-9A1E7A4F7556}") = "UniversityPhysics", "..\University-Physics-master\University Physics\UniversityPhysics.csproj", "{C82D3894-D3D5-44C1-BFA0-86C52E9266E0}"
EndProject
Project("{FAE04EC0-301F-11D3-BF4B-00C04F79EFBC}") = "PhysXTools", "PhysXTools\PhysXTools.csproj", "{EA296C9B-7611-4A06-B73E-D04B49BAFCC1}"
EndProject
Global
	GlobalSection(SolutionConfigurationPlatforms) = preSolution
		Debug|Any CPU = Debug|Any CPU
		Release|Any CPU = Release|Any CPU
	EndGlobalSection
	GlobalSection(ProjectConfigurationPlatforms) = postSolution
		{0BC92CFA-EBEE-4E9B-B257-222FD57BB09E}.Debug|Any CPU.ActiveCfg = Debug|Any CPU
		{0BC92CFA-EBEE-4E9B-B257-222FD57BB09E}.Debug|Any CPU.Build.0 = Debug|Any CPU
		{0BC92CFA-EBEE-4E9B-B257-222FD57BB09E}.Release|Any CPU.ActiveCfg = Release|Any CPU
		{0BC92CFA-EBEE-4E9B-B257-222FD57BB09E}.Release|Any CPU.Build.0 = Release|Any CPU
		{C82D3894-D3D5-44C1-BFA0-86C52E9266E0}.Debug|Any CPU.ActiveCfg = Debug|Any CPU
		{C82D3894-D3D5-44C1-BFA0-86C52E9266E0}.Debug|Any CPU.Build.0 = Debug|Any CPU
		{C82D3894-D3D5-44C1-BFA0-86C52E9266E0}.Release|Any CPU.ActiveCfg = Release|Any CPU
		{C82D3894-D3D5-44C1-BFA0-86C52E9266E0}.Release|Any CPU.Build.0 = Release|Any CPU
		{EA296C9B-7611-4A06-B73E-D04B49BAFCC1}.Debug|Any CPU.ActiveCfg = Debug|Any CPU
		{EA296C9B-7611-4A06-B73E-D04B49BAFCC1}.Debug|Any CPU.Build.0 = Debug|Any CPU
		{EA296C9B-7611-4A06-B73E-D04B49BAFCC1}.Release|Any CPU.ActiveCfg = Release|Any CPU
		{EA296C9B-7611-4A06-B73E-D04B49BAFCC1}.Release|Any CPU.Build.0 = Release|Any CPU
	EndGlobalSection
	GlobalSection(SolutionProperties) = preSolution
		HideSolutionNode = FALSE
	EndGlobalSection
	GlobalSection(ExtensibilityGlobals) = postSolution
		SolutionGuid = {10F1A306-7024-4BC0-8D38-06DA0E601D97}
	EndGlobalSection
EndGlobal
